
Microsoft Visual Studio Solution File, Format Version 12.00
# Visual Studio Version 16
VisualStudioVersion = 16.0.30717.126
MinimumVisualStudioVersion = 10.0.40219.1
Project("{FAE04EC0-301F-11D3-BF4B-00C04F79EFBC}") = "DemoSignalR", "DemoSignalR\DemoSignalR.csproj", "{B636DC8F-4975-41C8-A236-061879A3C761}"
EndProject
Global
	GlobalSection(SolutionConfigurationPlatforms) = preSolution
		Debug|Any CPU = Debug|Any CPU
		Release|Any CPU = Release|Any CPU
	EndGlobalSection
	GlobalSection(ProjectConfigurationPlatforms) = postSolution
		{B636DC8F-4975-41C8-A236-061879A3C761}.Debug|Any CPU.ActiveCfg = Debug|Any CPU
		{B636DC8F-4975-41C8-A236-061879A3C761}.Debug|Any CPU.Build.0 = Debug|Any CPU
		{B636DC8F-4975-41C8-A236-061879A3C761}.Release|Any CPU.ActiveCfg = Release|Any CPU
		{B636DC8F-4975-41C8-A236-061879A3C761}.Release|Any CPU.Build.0 = Release|Any CPU
	EndGlobalSection
	GlobalSection(SolutionProperties) = preSolution
		HideSolutionNode = FALSE
	EndGlobalSection
	GlobalSection(ExtensibilityGlobals) = postSolution
		SolutionGuid = {3E365D25-2BBA-4D5C-95E4-C0B2A3ED76FD}
	EndGlobalSection
EndGlobal
